// !$*UTF8*$!
{
	archiveVersion = 1;
	classes = {
	};
	objectVersion = 46;
	objects = {

/* Begin PBXBuildFile section */
		D4A9CE39193EE2160027B1FD /* Foundation.framework in Frameworks */ = {isa = PBXBuildFile; fileRef = D4A9CE38193EE2160027B1FD /* Foundation.framework */; };
		D4A9CE3B193EE2160027B1FD /* CoreGraphics.framework in Frameworks */ = {isa = PBXBuildFile; fileRef = D4A9CE3A193EE2160027B1FD /* CoreGraphics.framework */; };
		D4A9CE3D193EE2160027B1FD /* UIKit.framework in Frameworks */ = {isa = PBXBuildFile; fileRef = D4A9CE3C193EE2160027B1FD /* UIKit.framework */; };
		D4A9CE43193EE2160027B1FD /* InfoPlist.strings in Resources */ = {isa = PBXBuildFile; fileRef = D4A9CE41193EE2160027B1FD /* InfoPlist.strings */; };
		D4A9CE45193EE2160027B1FD /* main.m in Sources */ = {isa = PBXBuildFile; fileRef = D4A9CE44193EE2160027B1FD /* main.m */; };
		D4A9CE49193EE2160027B1FD /* AppDelegate.m in Sources */ = {isa = PBXBuildFile; fileRef = D4A9CE48193EE2160027B1FD /* AppDelegate.m */; };
		D4A9CE4B193EE2160027B1FD /* Images.xcassets in Resources */ = {isa = PBXBuildFile; fileRef = D4A9CE4A193EE2160027B1FD /* Images.xcassets */; };
		D4A9CE52193EE2160027B1FD /* XCTest.framework in Frameworks */ = {isa = PBXBuildFile; fileRef = D4A9CE51193EE2160027B1FD /* XCTest.framework */; };
		D4A9CE53193EE2160027B1FD /* Foundation.framework in Frameworks */ = {isa = PBXBuildFile; fileRef = D4A9CE38193EE2160027B1FD /* Foundation.framework */; };
		D4A9CE54193EE2160027B1FD /* UIKit.framework in Frameworks */ = {isa = PBXBuildFile; fileRef = D4A9CE3C193EE2160027B1FD /* UIKit.framework */; };
		D4A9CE5C193EE2160027B1FD /* InfoPlist.strings in Resources */ = {isa = PBXBuildFile; fileRef = D4A9CE5A193EE2160027B1FD /* InfoPlist.strings */; };
		D4A9CE5E193EE2160027B1FD /* tipCalculatorTests.m in Sources */ = {isa = PBXBuildFile; fileRef = D4A9CE5D193EE2160027B1FD /* tipCalculatorTests.m */; };
		D4A9CE6A193EE22A0027B1FD /* TipViewController.m in Sources */ = {isa = PBXBuildFile; fileRef = D4A9CE68193EE22A0027B1FD /* TipViewController.m */; };
		D4A9CE6B193EE22A0027B1FD /* TipViewController.xib in Resources */ = {isa = PBXBuildFile; fileRef = D4A9CE69193EE22A0027B1FD /* TipViewController.xib */; };
		D4A9CE6F193FEC460027B1FD /* SettingsViewController.m in Sources */ = {isa = PBXBuildFile; fileRef = D4A9CE6D193FEC460027B1FD /* SettingsViewController.m */; };
		D4A9CE70193FEC460027B1FD /* SettingsViewController.xib in Resources */ = {isa = PBXBuildFile; fileRef = D4A9CE6E193FEC460027B1FD /* SettingsViewController.xib */; };
/* End PBXBuildFile section */

/* Begin PBXContainerItemProxy section */
		D4A9CE55193EE2160027B1FD /* PBXContainerItemProxy */ = {
			isa = PBXContainerItemProxy;
			containerPortal = D4A9CE2D193EE2160027B1FD /* Project object */;
			proxyType = 1;
			remoteGlobalIDString = D4A9CE34193EE2160027B1FD;
			remoteInfo = tipCalculator;
		};
/* End PBXContainerItemProxy section */

/* Begin PBXFileReference section */
		D4A9CE35193EE2160027B1FD /* tipCalculator.app */ = {isa = PBXFileReference; explicitFileType = wrapper.application; includeInIndex = 0; path = tipCalculator.app; sourceTree = BUILT_PRODUCTS_DIR; };
		D4A9CE38193EE2160027B1FD /* Foundation.framework */ = {isa = PBXFileReference; lastKnownFileType = wrapper.framework; name = Foundation.framework; path = System/Library/Frameworks/Foundation.framework; sourceTree = SDKROOT; };
		D4A9CE3A193EE2160027B1FD /* CoreGraphics.framework */ = {isa = PBXFileReference; lastKnownFileType = wrapper.framework; name = CoreGraphics.framework; path = System/Library/Frameworks/CoreGraphics.framework; sourceTree = SDKROOT; };
		D4A9CE3C193EE2160027B1FD /* UIKit.framework */ = {isa = PBXFileReference; lastKnownFileType = wrapper.framework; name = UIKit.framework; path = System/Library/Frameworks/UIKit.framework; sourceTree = SDKROOT; };
		D4A9CE40193EE2160027B1FD /* tipCalculator-Info.plist */ = {isa = PBXFileReference; lastKnownFileType = text.plist.xml; path = "tipCalculator-Info.plist"; sourceTree = "<group>"; };
		D4A9CE42193EE2160027B1FD /* en */ = {isa = PBXFileReference; lastKnownFileType = text.plist.strings; name = en; path = en.lproj/InfoPlist.strings; sourceTree = "<group>"; };
		D4A9CE44193EE2160027B1FD /* main.m */ = {isa = PBXFileReference; lastKnownFileType = sourcecode.c.objc; path = main.m; sourceTree = "<group>"; };
		D4A9CE46193EE2160027B1FD /* tipCalculator-Prefix.pch */ = {isa = PBXFileReference; lastKnownFileType = sourcecode.c.h; path = "tipCalculator-Prefix.pch"; sourceTree = "<group>"; };
		D4A9CE47193EE2160027B1FD /* AppDelegate.h */ = {isa = PBXFileReference; lastKnownFileType = sourcecode.c.h; path = AppDelegate.h; sourceTree = "<group>"; };
		D4A9CE48193EE2160027B1FD /* AppDelegate.m */ = {isa = PBXFileReference; lastKnownFileType = sourcecode.c.objc; path = AppDelegate.m; sourceTree = "<group>"; };
		D4A9CE4A193EE2160027B1FD /* Images.xcassets */ = {isa = PBXFileReference; lastKnownFileType = folder.assetcatalog; path = Images.xcassets; sourceTree = "<group>"; };
		D4A9CE50193EE2160027B1FD /* tipCalculatorTests.xctest */ = {isa = PBXFileReference; explicitFileType = wrapper.cfbundle; includeInIndex = 0; path = tipCalculatorTests.xctest; sourceTree = BUILT_PRODUCTS_DIR; };
		D4A9CE51193EE2160027B1FD /* XCTest.framework */ = {isa = PBXFileReference; lastKnownFileType = wrapper.framework; name = XCTest.framework; path = Library/Frameworks/XCTest.framework; sourceTree = DEVELOPER_DIR; };
		D4A9CE59193EE2160027B1FD /* tipCalculatorTests-Info.plist */ = {isa = PBXFileReference; lastKnownFileType = text.plist.xml; path = "tipCalculatorTests-Info.plist"; sourceTree = "<group>"; };
		D4A9CE5B193EE2160027B1FD /* en */ = {isa = PBXFileReference; lastKnownFileType = text.plist.strings; name = en; path = en.lproj/InfoPlist.strings; sourceTree = "<group>"; };
		D4A9CE5D193EE2160027B1FD /* tipCalculatorTests.m */ = {isa = PBXFileReference; lastKnownFileType = sourcecode.c.objc; path = tipCalculatorTests.m; sourceTree = "<group>"; };
		D4A9CE67193EE22A0027B1FD /* TipViewController.h */ = {isa = PBXFileReference; fileEncoding = 4; lastKnownFileType = sourcecode.c.h; path = TipViewController.h; sourceTree = "<group>"; };
		D4A9CE68193EE22A0027B1FD /* TipViewController.m */ = {isa = PBXFileReference; fileEncoding = 4; lastKnownFileType = sourcecode.c.objc; path = TipViewController.m; sourceTree = "<group>"; };
		D4A9CE69193EE22A0027B1FD /* TipViewController.xib */ = {isa = PBXFileReference; fileEncoding = 4; lastKnownFileType = file.xib; path = TipViewController.xib; sourceTree = "<group>"; };
		D4A9CE6C193FEC460027B1FD /* SettingsViewController.h */ = {isa = PBXFileReference; fileEncoding = 4; lastKnownFileType = sourcecode.c.h; path = SettingsViewController.h; sourceTree = "<group>"; };
		D4A9CE6D193FEC460027B1FD /* SettingsViewController.m */ = {isa = PBXFileReference; fileEncoding = 4; lastKnownFileType = sourcecode.c.objc; path = SettingsViewController.m; sourceTree = "<group>"; };
		D4A9CE6E193FEC460027B1FD /* SettingsViewController.xib */ = {isa = PBXFileReference; fileEncoding = 4; lastKnownFileType = file.xib; path = SettingsViewController.xib; sourceTree = "<group>"; };
/* End PBXFileReference section */

/* Begin PBXFrameworksBuildPhase section */
		D4A9CE32193EE2160027B1FD /* Frameworks */ = {
			isa = PBXFrameworksBuildPhase;
			buildActionMask = 2147483647;
			files = (
				D4A9CE3B193EE2160027B1FD /* CoreGraphics.framework in Frameworks */,
				D4A9CE3D193EE2160027B1FD /* UIKit.framework in Frameworks */,
				D4A9CE39193EE2160027B1FD /* Foundation.framework in Frameworks */,
			);
			runOnlyForDeploymentPostprocessing = 0;
		};
		D4A9CE4D193EE2160027B1FD /* Frameworks */ = {
			isa = PBXFrameworksBuildPhase;
			buildActionMask = 2147483647;
			files = (
				D4A9CE52193EE2160027B1FD /* XCTest.framework in Frameworks */,
				D4A9CE54193EE2160027B1FD /* UIKit.framework in Frameworks */,
				D4A9CE53193EE2160027B1FD /* Foundation.framework in Frameworks */,
			);
			runOnlyForDeploymentPostprocessing = 0;
		};
/* End PBXFrameworksBuildPhase section */

/* Begin PBXGroup section */
		D4A9CE2C193EE2160027B1FD = {
			isa = PBXGroup;
			children = (
				D4A9CE3E193EE2160027B1FD /* tipCalculator */,
				D4A9CE57193EE2160027B1FD /* tipCalculatorTests */,
				D4A9CE37193EE2160027B1FD /* Frameworks */,
				D4A9CE36193EE2160027B1FD /* Products */,
			);
			sourceTree = "<group>";
		};
		D4A9CE36193EE2160027B1FD /* Products */ = {
			isa = PBXGroup;
			children = (
				D4A9CE35193EE2160027B1FD /* tipCalculator.app */,
				D4A9CE50193EE2160027B1FD /* tipCalculatorTests.xctest */,
			);
			name = Products;
			sourceTree = "<group>";
		};
		D4A9CE37193EE2160027B1FD /* Frameworks */ = {
			isa = PBXGroup;
			children = (
				D4A9CE38193EE2160027B1FD /* Foundation.framework */,
				D4A9CE3A193EE2160027B1FD /* CoreGraphics.framework */,
				D4A9CE3C193EE2160027B1FD /* UIKit.framework */,
				D4A9CE51193EE2160027B1FD /* XCTest.framework */,
			);
			name = Frameworks;
			sourceTree = "<group>";
		};
		D4A9CE3E193EE2160027B1FD /* tipCalculator */ = {
			isa = PBXGroup;
			children = (
				D4A9CE47193EE2160027B1FD /* AppDelegate.h */,
				D4A9CE48193EE2160027B1FD /* AppDelegate.m */,
				D4A9CE4A193EE2160027B1FD /* Images.xcassets */,
				D4A9CE3F193EE2160027B1FD /* Supporting Files */,
				D4A9CE67193EE22A0027B1FD /* TipViewController.h */,
				D4A9CE68193EE22A0027B1FD /* TipViewController.m */,
				D4A9CE6C193FEC460027B1FD /* SettingsViewController.h */,
				D4A9CE6D193FEC460027B1FD /* SettingsViewController.m */,
				D4A9CE6E193FEC460027B1FD /* SettingsViewController.xib */,
				D4A9CE69193EE22A0027B1FD /* TipViewController.xib */,
			);
			path = tipCalculator;
			sourceTree = "<group>";
		};
		D4A9CE3F193EE2160027B1FD /* Supporting Files */ = {
			isa = PBXGroup;
			children = (
				D4A9CE40193EE2160027B1FD /* tipCalculator-Info.plist */,
				D4A9CE41193EE2160027B1FD /* InfoPlist.strings */,
				D4A9CE44193EE2160027B1FD /* main.m */,
				D4A9CE46193EE2160027B1FD /* tipCalculator-Prefix.pch */,
			);
			name = "Supporting Files";
			sourceTree = "<group>";
		};
		D4A9CE57193EE2160027B1FD /* tipCalculatorTests */ = {
			isa = PBXGroup;
			children = (
				D4A9CE5D193EE2160027B1FD /* tipCalculatorTests.m */,
				D4A9CE58193EE2160027B1FD /* Supporting Files */,
			);
			path = tipCalculatorTests;
			sourceTree = "<group>";
		};
		D4A9CE58193EE2160027B1FD /* Supporting Files */ = {
			isa = PBXGroup;
			children = (
				D4A9CE59193EE2160027B1FD /* tipCalculatorTests-Info.plist */,
				D4A9CE5A193EE2160027B1FD /* InfoPlist.strings */,
			);
			name = "Supporting Files";
			sourceTree = "<group>";
		};
/* End PBXGroup section */

/* Begin PBXNativeTarget section */
		D4A9CE34193EE2160027B1FD /* tipCalculator */ = {
			isa = PBXNativeTarget;
			buildConfigurationList = D4A9CE61193EE2170027B1FD /* Build configuration list for PBXNativeTarget "tipCalculator" */;
			buildPhases = (
				D4A9CE31193EE2160027B1FD /* Sources */,
				D4A9CE32193EE2160027B1FD /* Frameworks */,
				D4A9CE33193EE2160027B1FD /* Resources */,
			);
			buildRules = (
			);
			dependencies = (
			);
			name = tipCalculator;
			productName = tipCalculator;
			productReference = D4A9CE35193EE2160027B1FD /* tipCalculator.app */;
			productType = "com.apple.product-type.application";
		};
		D4A9CE4F193EE2160027B1FD /* tipCalculatorTests */ = {
			isa = PBXNativeTarget;
			buildConfigurationList = D4A9CE64193EE2170027B1FD /* Build configuration list for PBXNativeTarget "tipCalculatorTests" */;
			buildPhases = (
				D4A9CE4C193EE2160027B1FD /* Sources */,
				D4A9CE4D193EE2160027B1FD /* Frameworks */,
				D4A9CE4E193EE2160027B1FD /* Resources */,
			);
			buildRules = (
			);
			dependencies = (
				D4A9CE56193EE2160027B1FD /* PBXTargetDependency */,
			);
			name = tipCalculatorTests;
			productName = tipCalculatorTests;
			productReference = D4A9CE50193EE2160027B1FD /* tipCalculatorTests.xctest */;
			productType = "com.apple.product-type.bundle.unit-test";
		};
/* End PBXNativeTarget section */

/* Begin PBXProject section */
		D4A9CE2D193EE2160027B1FD /* Project object */ = {
			isa = PBXProject;
			attributes = {
				LastUpgradeCheck = 0510;
				ORGANIZATIONNAME = "Yahoo Inc";
				TargetAttributes = {
					D4A9CE4F193EE2160027B1FD = {
						TestTargetID = D4A9CE34193EE2160027B1FD;
					};
				};
			};
			buildConfigurationList = D4A9CE30193EE2160027B1FD /* Build configuration list for PBXProject "tipCalculator" */;
			compatibilityVersion = "Xcode 3.2";
			developmentRegion = English;
			hasScannedForEncodings = 0;
			knownRegions = (
				en,
			);
			mainGroup = D4A9CE2C193EE2160027B1FD;
			productRefGroup = D4A9CE36193EE2160027B1FD /* Products */;
			projectDirPath = "";
			projectRoot = "";
			targets = (
				D4A9CE34193EE2160027B1FD /* tipCalculator */,
				D4A9CE4F193EE2160027B1FD /* tipCalculatorTests */,
			);
		};
/* End PBXProject section */

/* Begin PBXResourcesBuildPhase section */
		D4A9CE33193EE2160027B1FD /* Resources */ = {
			isa = PBXResourcesBuildPhase;
			buildActionMask = 2147483647;
			files = (
				D4A9CE6B193EE22A0027B1FD /* TipViewController.xib in Resources */,
				D4A9CE43193EE2160027B1FD /* InfoPlist.strings in Resources */,
				D4A9CE4B193EE2160027B1FD /* Images.xcassets in Resources */,
				D4A9CE70193FEC460027B1FD /* SettingsViewController.xib in Resources */,
			);
			runOnlyForDeploymentPostprocessing = 0;
		};
		D4A9CE4E193EE2160027B1FD /* Resources */ = {
			isa = PBXResourcesBuildPhase;
			buildActionMask = 2147483647;
			files = (
				D4A9CE5C193EE2160027B1FD /* InfoPlist.strings in Resources */,
			);
			runOnlyForDeploymentPostprocessing = 0;
		};
/* End PBXResourcesBuildPhase section */

/* Begin PBXSourcesBuildPhase section */
		D4A9CE31193EE2160027B1FD /* Sources */ = {
			isa = PBXSourcesBuildPhase;
			buildActionMask = 2147483647;
			files = (
				D4A9CE49193EE2160027B1FD /* AppDelegate.m in Sources */,
				D4A9CE6A193EE22A0027B1FD /* TipViewController.m in Sources */,
				D4A9CE45193EE2160027B1FD /* main.m in Sources */,
				D4A9CE6F193FEC460027B1FD /* SettingsViewController.m in Sources */,
			);
			runOnlyForDeploymentPostprocessing = 0;
		};
		D4A9CE4C193EE2160027B1FD /* Sources */ = {
			isa = PBXSourcesBuildPhase;
			buildActionMask = 2147483647;
			files = (
				D4A9CE5E193EE2160027B1FD /* tipCalculatorTests.m in Sources */,
			);
			runOnlyForDeploymentPostprocessing = 0;
		};
/* End PBXSourcesBuildPhase section */

/* Begin PBXTargetDependency section */
		D4A9CE56193EE2160027B1FD /* PBXTargetDependency */ = {
			isa = PBXTargetDependency;
			target = D4A9CE34193EE2160027B1FD /* tipCalculator */;
			targetProxy = D4A9CE55193EE2160027B1FD /* PBXContainerItemProxy */;
		};
/* End PBXTargetDependency section */

/* Begin PBXVariantGroup section */
		D4A9CE41193EE2160027B1FD /* InfoPlist.strings */ = {
			isa = PBXVariantGroup;
			children = (
				D4A9CE42193EE2160027B1FD /* en */,
			);
			name = InfoPlist.strings;
			sourceTree = "<group>";
		};
		D4A9CE5A193EE2160027B1FD /* InfoPlist.strings */ = {
			isa = PBXVariantGroup;
			children = (
				D4A9CE5B193EE2160027B1FD /* en */,
			);
			name = InfoPlist.strings;
			sourceTree = "<group>";
		};
/* End PBXVariantGroup section */

/* Begin XCBuildConfiguration section */
		D4A9CE5F193EE2170027B1FD /* Debug */ = {
			isa = XCBuildConfiguration;
			buildSettings = {
				ALWAYS_SEARCH_USER_PATHS = NO;
				CLANG_CXX_LANGUAGE_STANDARD = "gnu++0x";
				CLANG_CXX_LIBRARY = "libc++";
				CLANG_ENABLE_MODULES = YES;
				CLANG_ENABLE_OBJC_ARC = YES;
				CLANG_WARN_BOOL_CONVERSION = YES;
				CLANG_WARN_CONSTANT_CONVERSION = YES;
				CLANG_WARN_DIRECT_OBJC_ISA_USAGE = YES_ERROR;
				CLANG_WARN_EMPTY_BODY = YES;
				CLANG_WARN_ENUM_CONVERSION = YES;
				CLANG_WARN_INT_CONVERSION = YES;
				CLANG_WARN_OBJC_ROOT_CLASS = YES_ERROR;
				CLANG_WARN__DUPLICATE_METHOD_MATCH = YES;
				"CODE_SIGN_IDENTITY[sdk=iphoneos*]" = "iPhone Developer";
				COPY_PHASE_STRIP = NO;
				GCC_C_LANGUAGE_STANDARD = gnu99;
				GCC_DYNAMIC_NO_PIC = NO;
				GCC_OPTIMIZATION_LEVEL = 0;
				GCC_PREPROCESSOR_DEFINITIONS = (
					"DEBUG=1",
					"$(inherited)",
				);
				GCC_SYMBOLS_PRIVATE_EXTERN = NO;
				GCC_WARN_64_TO_32_BIT_CONVERSION = YES;
				GCC_WARN_ABOUT_RETURN_TYPE = YES_ERROR;
				GCC_WARN_UNDECLARED_SELECTOR = YES;
				GCC_WARN_UNINITIALIZED_AUTOS = YES_AGGRESSIVE;
				GCC_WARN_UNUSED_FUNCTION = YES;
				GCC_WARN_UNUSED_VARIABLE = YES;
				IPHONEOS_DEPLOYMENT_TARGET = 7.1;
				ONLY_ACTIVE_ARCH = YES;
				SDKROOT = iphoneos;
			};
			name = Debug;
		};
		D4A9CE60193EE2170027B1FD /* Release */ = {
			isa = XCBuildConfiguration;
			buildSettings = {
				ALWAYS_SEARCH_USER_PATHS = NO;
				CLANG_CXX_LANGUAGE_STANDARD = "gnu++0x";
				CLANG_CXX_LIBRARY = "libc++";
				CLANG_ENABLE_MODULES = YES;
				CLANG_ENABLE_OBJC_ARC = YES;
				CLANG_WARN_BOOL_CONVERSION = YES;
				CLANG_WARN_CONSTANT_CONVERSION = YES;
				CLANG_WARN_DIRECT_OBJC_ISA_USAGE = YES_ERROR;
				CLANG_WARN_EMPTY_BODY = YES;
				CLANG_WARN_ENUM_CONVERSION = YES;
				CLANG_WARN_INT_CONVERSION = YES;
				CLANG_WARN_OBJC_ROOT_CLASS = YES_ERROR;
				CLANG_WARN__DUPLICATE_METHOD_MATCH = YES;
				"CODE_SIGN_IDENTITY[sdk=iphoneos*]" = "iPhone Developer";
				COPY_PHASE_STRIP = YES;
				ENABLE_NS_ASSERTIONS = NO;
				GCC_C_LANGUAGE_STANDARD = gnu99;
				GCC_WARN_64_TO_32_BIT_CONVERSION = YES;
				GCC_WARN_ABOUT_RETURN_TYPE = YES_ERROR;
				GCC_WARN_UNDECLARED_SELECTOR = YES;
				GCC_WARN_UNINITIALIZED_AUTOS = YES_AGGRESSIVE;
				GCC_WARN_UNUSED_FUNCTION = YES;
				GCC_WARN_UNUSED_VARIABLE = YES;
				IPHONEOS_DEPLOYMENT_TARGET = 7.1;
				SDKROOT = iphoneos;
				VALIDATE_PRODUCT = YES;
			};
			name = Release;
		};
		D4A9CE62193EE2170027B1FD /* Debug */ = {
			isa = XCBuildConfiguration;
			buildSettings = {
				ASSETCATALOG_COMPILER_APPICON_NAME = AppIcon;
				ASSETCATALOG_COMPILER_LAUNCHIMAGE_NAME = LaunchImage;
				GCC_PRECOMPILE_PREFIX_HEADER = YES;
				GCC_PREFIX_HEADER = "tipCalculator/tipCalculator-Prefix.pch";
				INFOPLIST_FILE = "tipCalculator/tipCalculator-Info.plist";
				PRODUCT_NAME = "$(TARGET_NAME)";
				WRAPPER_EXTENSION = app;
			};
			name = Debug;
		};
		D4A9CE63193EE2170027B1FD /* Release */ = {
			isa = XCBuildConfiguration;
			buildSettings = {
				ASSETCATALOG_COMPILER_APPICON_NAME = AppIcon;
				ASSETCATALOG_COMPILER_LAUNCHIMAGE_NAME = LaunchImage;
				GCC_PRECOMPILE_PREFIX_HEADER = YES;
				GCC_PREFIX_HEADER = "tipCalculator/tipCalculator-Prefix.pch";
				INFOPLIST_FILE = "tipCalculator/tipCalculator-Info.plist";
				PRODUCT_NAME = "$(TARGET_NAME)";
				WRAPPER_EXTENSION = app;
			};
			name = Release;
		};
		D4A9CE65193EE2170027B1FD /* Debug */ = {
			isa = XCBuildConfiguration;
			buildSettings = {
				BUNDLE_LOADER = "$(BUILT_PRODUCTS_DIR)/tipCalculator.app/tipCalculator";
				FRAMEWORK_SEARCH_PATHS = (
					"$(SDKROOT)/Developer/Library/Frameworks",
					"$(inherited)",
					"$(DEVELOPER_FRAMEWORKS_DIR)",
				);
				GCC_PRECOMPILE_PREFIX_HEADER = YES;
				GCC_PREFIX_HEADER = "tipCalculator/tipCalculator-Prefix.pch";
				GCC_PREPROCESSOR_DEFINITIONS = (
					"DEBUG=1",
					"$(inherited)",
				);
				INFOPLIST_FILE = "tipCalculatorTests/tipCalculatorTests-Info.plist";
				PRODUCT_NAME = "$(TARGET_NAME)";
				TEST_HOST = "$(BUNDLE_LOADER)";
				WRAPPER_EXTENSION = xctest;
			};
			name = Debug;
		};
		D4A9CE66193EE2170027B1FD /* Release */ = {
			isa = XCBuildConfiguration;
			buildSettings = {
				BUNDLE_LOADER = "$(BUILT_PRODUCTS_DIR)/tipCalculator.app/tipCalculator";
				FRAMEWORK_SEARCH_PATHS = (
					"$(SDKROOT)/Developer/Library/Frameworks",
					"$(inherited)",
					"$(DEVELOPER_FRAMEWORKS_DIR)",
				);
				GCC_PRECOMPILE_PREFIX_HEADER = YES;
				GCC_PREFIX_HEADER = "tipCalculator/tipCalculator-Prefix.pch";
				INFOPLIST_FILE = "tipCalculatorTests/tipCalculatorTests-Info.plist";
				PRODUCT_NAME = "$(TARGET_NAME)";
				TEST_HOST = "$(BUNDLE_LOADER)";
				WRAPPER_EXTENSION = xctest;
			};
			name = Release;
		};
/* End XCBuildConfiguration section */

/* Begin XCConfigurationList section */
		D4A9CE30193EE2160027B1FD /* Build configuration list for PBXProject "tipCalculator" */ = {
			isa = XCConfigurationList;
			buildConfigurations = (
				D4A9CE5F193EE2170027B1FD /* Debug */,
				D4A9CE60193EE2170027B1FD /* Release */,
			);
			defaultConfigurationIsVisible = 0;
			defaultConfigurationName = Release;
		};
		D4A9CE61193EE2170027B1FD /* Build configuration list for PBXNativeTarget "tipCalculator" */ = {
			isa = XCConfigurationList;
			buildConfigurations = (
				D4A9CE62193EE2170027B1FD /* Debug */,
				D4A9CE63193EE2170027B1FD /* Release */,
			);
			defaultConfigurationIsVisible = 0;
			defaultConfigurationName = Release;
		};
		D4A9CE64193EE2170027B1FD /* Build configuration list for PBXNativeTarget "tipCalculatorTests" */ = {
			isa = XCConfigurationList;
			buildConfigurations = (
				D4A9CE65193EE2170027B1FD /* Debug */,
				D4A9CE66193EE2170027B1FD /* Release */,
			);
			defaultConfigurationIsVisible = 0;
			defaultConfigurationName = Release;
		};
/* End XCConfigurationList section */
	};
	rootObject = D4A9CE2D193EE2160027B1FD /* Project object */;
}
